
Microsoft Visual Studio Solution File, Format Version 12.00
# Visual Studio Version 17
VisualStudioVersion = 17.10.35013.160
MinimumVisualStudioVersion = 10.0.40219.1
Project("{FAE04EC0-301F-11D3-BF4B-00C04F79EFBC}") = "HackerRankSolutions", "HackerRankSolutions.csproj", "{66BB32DA-A4A5-4202-9FE0-22145EFE8FC2}"
EndProject
Global
	GlobalSection(SolutionConfigurationPlatforms) = preSolution
		Debug|Any CPU = Debug|Any CPU
		Release|Any CPU = Release|Any CPU
	EndGlobalSection
	GlobalSection(ProjectConfigurationPlatforms) = postSolution
		{66BB32DA-A4A5-4202-9FE0-22145EFE8FC2}.Debug|Any CPU.ActiveCfg = Debug|Any CPU
		{66BB32DA-A4A5-4202-9FE0-22145EFE8FC2}.Debug|Any CPU.Build.0 = Debug|Any CPU
		{66BB32DA-A4A5-4202-9FE0-22145EFE8FC2}.Release|Any CPU.ActiveCfg = Release|Any CPU
		{66BB32DA-A4A5-4202-9FE0-22145EFE8FC2}.Release|Any CPU.Build.0 = Release|Any CPU
	EndGlobalSection
	GlobalSection(SolutionProperties) = preSolution
		HideSolutionNode = FALSE
	EndGlobalSection
	GlobalSection(ExtensibilityGlobals) = postSolution
		SolutionGuid = {B89D133F-E1B0-4489-98EF-C30CF5693355}
	EndGlobalSection
EndGlobal
